// !$*UTF8*$!
{
	archiveVersion = 1;
	classes = {
	};
	objectVersion = 77;
	objects = {

/* Begin PBXContainerItemProxy section */
		229BA4CD2E61ECB4005BFC36 /* PBXContainerItemProxy */ = {
			isa = PBXContainerItemProxy;
			containerPortal = 229BA4B72E61ECB2005BFC36 /* Project object */;
			proxyType = 1;
			remoteGlobalIDString = 229BA4BE2E61ECB2005BFC36;
			remoteInfo = METPredictor;
		};
		229BA4D72E61ECB4005BFC36 /* PBXContainerItemProxy */ = {
			isa = PBXContainerItemProxy;
			containerPortal = 229BA4B72E61ECB2005BFC36 /* Project object */;
			proxyType = 1;
			remoteGlobalIDString = 229BA4BE2E61ECB2005BFC36;
			remoteInfo = METPredictor;
		};
/* End PBXContainerItemProxy section */

/* Begin PBXFileReference section */
		229BA4BF2E61ECB2005BFC36 /* METPredictor.app */ = {isa = PBXFileReference; explicitFileType = wrapper.application; includeInIndex = 0; path = METPredictor.app; sourceTree = BUILT_PRODUCTS_DIR; };
		229BA4CC2E61ECB4005BFC36 /* METPredictorTests.xctest */ = {isa = PBXFileReference; explicitFileType = wrapper.cfbundle; includeInIndex = 0; path = METPredictorTests.xctest; sourceTree = BUILT_PRODUCTS_DIR; };
		229BA4D62E61ECB4005BFC36 /* METPredictorUITests.xctest */ = {isa = PBXFileReference; explicitFileType = wrapper.cfbundle; includeInIndex = 0; path = METPredictorUITests.xctest; sourceTree = BUILT_PRODUCTS_DIR; };
/* End PBXFileReference section */

/* Begin PBXFileSystemSynchronizedRootGroup section */
		229BA4C12E61ECB2005BFC36 /* METPredictor */ = {
			isa = PBXFileSystemSynchronizedRootGroup;
			path = METPredictor;
			sourceTree = "<group>";
		};
		229BA4CF2E61ECB4005BFC36 /* METPredictorTests */ = {
			isa = PBXFileSystemSynchronizedRootGroup;
			path = METPredictorTests;
			sourceTree = "<group>";
		};
		229BA4D92E61ECB4005BFC36 /* METPredictorUITests */ = {
			isa = PBXFileSystemSynchronizedRootGroup;
			path = METPredictorUITests;
			sourceTree = "<group>";
		};
/* End PBXFileSystemSynchronizedRootGroup section */

/* Begin PBXFrameworksBuildPhase section */
		229BA4BC2E61ECB2005BFC36 /* Frameworks */ = {
			isa = PBXFrameworksBuildPhase;
			buildActionMask = 2147483647;
			files = (
			);
			runOnlyForDeploymentPostprocessing = 0;
		};
		229BA4C92E61ECB4005BFC36 /* Frameworks */ = {
			isa = PBXFrameworksBuildPhase;
			buildActionMask = 2147483647;
			files = (
			);
			runOnlyForDeploymentPostprocessing = 0;
		};
		229BA4D32E61ECB4005BFC36 /* Frameworks */ = {
			isa = PBXFrameworksBuildPhase;
			buildActionMask = 2147483647;
			files = (
			);
			runOnlyForDeploymentPostprocessing = 0;
		};
/* End PBXFrameworksBuildPhase section */

/* Begin PBXGroup section */
		229BA4B62E61ECB2005BFC36 = {
			isa = PBXGroup;
			children = (
				229BA4C12E61ECB2005BFC36 /* METPredictor */,
				229BA4CF2E61ECB4005BFC36 /* METPredictorTests */,
				229BA4D92E61ECB4005BFC36 /* METPredictorUITests */,
				229BA4C02E61ECB2005BFC36 /* Products */,
			);
			sourceTree = "<group>";
		};
		229BA4C02E61ECB2005BFC36 /* Products */ = {
			isa = PBXGroup;
			children = (
				229BA4BF2E61ECB2005BFC36 /* METPredictor.app */,
				229BA4CC2E61ECB4005BFC36 /* METPredictorTests.xctest */,
				229BA4D62E61ECB4005BFC36 /* METPredictorUITests.xctest */,
			);
			name = Products;
			sourceTree = "<group>";
		};
/* End PBXGroup section */

/* Begin PBXNativeTarget section */
		229BA4BE2E61ECB2005BFC36 /* METPredictor */ = {
			isa = PBXNativeTarget;
			buildConfigurationList = 229BA4E02E61ECB4005BFC36 /* Build configuration list for PBXNativeTarget "METPredictor" */;
			buildPhases = (
				229BA4BB2E61ECB2005BFC36 /* Sources */,
				229BA4BC2E61ECB2005BFC36 /* Frameworks */,
				229BA4BD2E61ECB2005BFC36 /* Resources */,
			);
			buildRules = (
			);
			dependencies = (
			);
			fileSystemSynchronizedGroups = (
				229BA4C12E61ECB2005BFC36 /* METPredictor */,
			);
			name = METPredictor;
			packageProductDependencies = (
			);
			productName = METPredictor;
			productReference = 229BA4BF2E61ECB2005BFC36 /* METPredictor.app */;
			productType = "com.apple.product-type.application";
		};
		229BA4CB2E61ECB4005BFC36 /* METPredictorTests */ = {
			isa = PBXNativeTarget;
			buildConfigurationList = 229BA4E32E61ECB4005BFC36 /* Build configuration list for PBXNativeTarget "METPredictorTests" */;
			buildPhases = (
				229BA4C82E61ECB4005BFC36 /* Sources */,
				229BA4C92E61ECB4005BFC36 /* Frameworks */,
				229BA4CA2E61ECB4005BFC36 /* Resources */,
			);
			buildRules = (
			);
			dependencies = (
				229BA4CE2E61ECB4005BFC36 /* PBXTargetDependency */,
			);
			fileSystemSynchronizedGroups = (
				229BA4CF2E61ECB4005BFC36 /* METPredictorTests */,
			);
			name = METPredictorTests;
			packageProductDependencies = (
			);
			productName = METPredictorTests;
			productReference = 229BA4CC2E61ECB4005BFC36 /* METPredictorTests.xctest */;
			productType = "com.apple.product-type.bundle.unit-test";
		};
		229BA4D52E61ECB4005BFC36 /* METPredictorUITests */ = {
			isa = PBXNativeTarget;
			buildConfigurationList = 229BA4E62E61ECB4005BFC36 /* Build configuration list for PBXNativeTarget "METPredictorUITests" */;
			buildPhases = (
				229BA4D22E61ECB4005BFC36 /* Sources */,
				229BA4D32E61ECB4005BFC36 /* Frameworks */,
				229BA4D42E61ECB4005BFC36 /* Resources */,
			);
			buildRules = (
			);
			dependencies = (
				229BA4D82E61ECB4005BFC36 /* PBXTargetDependency */,
			);
			fileSystemSynchronizedGroups = (
				229BA4D92E61ECB4005BFC36 /* METPredictorUITests */,
			);
			name = METPredictorUITests;
			packageProductDependencies = (
			);
			productName = METPredictorUITests;
			productReference = 229BA4D62E61ECB4005BFC36 /* METPredictorUITests.xctest */;
			productType = "com.apple.product-type.bundle.ui-testing";
		};
/* End PBXNativeTarget section */

/* Begin PBXProject section */
		229BA4B72E61ECB2005BFC36 /* Project object */ = {
			isa = PBXProject;
			attributes = {
				BuildIndependentTargetsInParallel = 1;
				LastSwiftUpdateCheck = 1640;
				LastUpgradeCheck = 1640;
				TargetAttributes = {
					229BA4BE2E61ECB2005BFC36 = {
						CreatedOnToolsVersion = 16.4;
					};
					229BA4CB2E61ECB4005BFC36 = {
						CreatedOnToolsVersion = 16.4;
						TestTargetID = 229BA4BE2E61ECB2005BFC36;
					};
					229BA4D52E61ECB4005BFC36 = {
						CreatedOnToolsVersion = 16.4;
						TestTargetID = 229BA4BE2E61ECB2005BFC36;
					};
				};
			};
			buildConfigurationList = 229BA4BA2E61ECB2005BFC36 /* Build configuration list for PBXProject "METPredictor" */;
			developmentRegion = en;
			hasScannedForEncodings = 0;
			knownRegions = (
				en,
				Base,
			);
			mainGroup = 229BA4B62E61ECB2005BFC36;
			minimizedProjectReferenceProxies = 1;
			preferredProjectObjectVersion = 77;
			productRefGroup = 229BA4C02E61ECB2005BFC36 /* Products */;
			projectDirPath = "";
			projectRoot = "";
			targets = (
				229BA4BE2E61ECB2005BFC36 /* METPredictor */,
				229BA4CB2E61ECB4005BFC36 /* METPredictorTests */,
				229BA4D52E61ECB4005BFC36 /* METPredictorUITests */,
			);
		};
/* End PBXProject section */

/* Begin PBXResourcesBuildPhase section */
		229BA4BD2E61ECB2005BFC36 /* Resources */ = {
			isa = PBXResourcesBuildPhase;
			buildActionMask = 2147483647;
			files = (
			);
			runOnlyForDeploymentPostprocessing = 0;
		};
		229BA4CA2E61ECB4005BFC36 /* Resources */ = {
			isa = PBXResourcesBuildPhase;
			buildActionMask = 2147483647;
			files = (
			);
			runOnlyForDeploymentPostprocessing = 0;
		};
		229BA4D42E61ECB4005BFC36 /* Resources */ = {
			isa = PBXResourcesBuildPhase;
			buildActionMask = 2147483647;
			files = (
			);
			runOnlyForDeploymentPostprocessing = 0;
		};
/* End PBXResourcesBuildPhase section */

/* Begin PBXSourcesBuildPhase section */
		229BA4BB2E61ECB2005BFC36 /* Sources */ = {
			isa = PBXSourcesBuildPhase;
			buildActionMask = 2147483647;
			files = (
			);
			runOnlyForDeploymentPostprocessing = 0;
		};
		229BA4C82E61ECB4005BFC36 /* Sources */ = {
			isa = PBXSourcesBuildPhase;
			buildActionMask = 2147483647;
			files = (
			);
			runOnlyForDeploymentPostprocessing = 0;
		};
		229BA4D22E61ECB4005BFC36 /* Sources */ = {
			isa = PBXSourcesBuildPhase;
			buildActionMask = 2147483647;
			files = (
			);
			runOnlyForDeploymentPostprocessing = 0;
		};
/* End PBXSourcesBuildPhase section */

/* Begin PBXTargetDependency section */
		229BA4CE2E61ECB4005BFC36 /* PBXTargetDependency */ = {
			isa = PBXTargetDependency;
			target = 229BA4BE2E61ECB2005BFC36 /* METPredictor */;
			targetProxy = 229BA4CD2E61ECB4005BFC36 /* PBXContainerItemProxy */;
		};
		229BA4D82E61ECB4005BFC36 /* PBXTargetDependency */ = {
			isa = PBXTargetDependency;
			target = 229BA4BE2E61ECB2005BFC36 /* METPredictor */;
			targetProxy = 229BA4D72E61ECB4005BFC36 /* PBXContainerItemProxy */;
		};
/* End PBXTargetDependency section */

/* Begin XCBuildConfiguration section */
		229BA4DE2E61ECB4005BFC36 /* Debug */ = {
			isa = XCBuildConfiguration;
			buildSettings = {
				ALWAYS_SEARCH_USER_PATHS = NO;
				ASSETCATALOG_COMPILER_GENERATE_SWIFT_ASSET_SYMBOL_EXTENSIONS = YES;
				CLANG_ANALYZER_NONNULL = YES;
				CLANG_ANALYZER_NUMBER_OBJECT_CONVERSION = YES_AGGRESSIVE;
				CLANG_CXX_LANGUAGE_STANDARD = "gnu++20";
				CLANG_ENABLE_MODULES = YES;
				CLANG_ENABLE_OBJC_ARC = YES;
				CLANG_ENABLE_OBJC_WEAK = YES;
				CLANG_WARN_BLOCK_CAPTURE_AUTORELEASING = YES;
				CLANG_WARN_BOOL_CONVERSION = YES;
				CLANG_WARN_COMMA = YES;
				CLANG_WARN_CONSTANT_CONVERSION = YES;
				CLANG_WARN_DEPRECATED_OBJC_IMPLEMENTATIONS = YES;
				CLANG_WARN_DIRECT_OBJC_ISA_USAGE = YES_ERROR;
				CLANG_WARN_DOCUMENTATION_COMMENTS = YES;
				CLANG_WARN_EMPTY_BODY = YES;
				CLANG_WARN_ENUM_CONVERSION = YES;
				CLANG_WARN_INFINITE_RECURSION = YES;
				CLANG_WARN_INT_CONVERSION = YES;
				CLANG_WARN_NON_LITERAL_NULL_CONVERSION = YES;
				CLANG_WARN_OBJC_IMPLICIT_RETAIN_SELF = YES;
				CLANG_WARN_OBJC_LITERAL_CONVERSION = YES;
				CLANG_WARN_OBJC_ROOT_CLASS = YES_ERROR;
				CLANG_WARN_QUOTED_INCLUDE_IN_FRAMEWORK_HEADER = YES;
				CLANG_WARN_RANGE_LOOP_ANALYSIS = YES;
				CLANG_WARN_STRICT_PROTOTYPES = YES;
				CLANG_WARN_SUSPICIOUS_MOVE = YES;
				CLANG_WARN_UNGUARDED_AVAILABILITY = YES_AGGRESSIVE;
				CLANG_WARN_UNREACHABLE_CODE = YES;
				CLANG_WARN__DUPLICATE_METHOD_MATCH = YES;
				COPY_PHASE_STRIP = NO;
				DEBUG_INFORMATION_FORMAT = dwarf;
				ENABLE_STRICT_OBJC_MSGSEND = YES;
				ENABLE_TESTABILITY = YES;
				ENABLE_USER_SCRIPT_SANDBOXING = YES;
				GCC_C_LANGUAGE_STANDARD = gnu17;
				GCC_DYNAMIC_NO_PIC = NO;
				GCC_NO_COMMON_BLOCKS = YES;
				GCC_OPTIMIZATION_LEVEL = 0;
				GCC_PREPROCESSOR_DEFINITIONS = (
					"DEBUG=1",
					"$(inherited)",
				);
				GCC_WARN_64_TO_32_BIT_CONVERSION = YES;
				GCC_WARN_ABOUT_RETURN_TYPE = YES_ERROR;
				GCC_WARN_UNDECLARED_SELECTOR = YES;
				GCC_WARN_UNINITIALIZED_AUTOS = YES_AGGRESSIVE;
				GCC_WARN_UNUSED_FUNCTION = YES;
				GCC_WARN_UNUSED_VARIABLE = YES;
				IPHONEOS_DEPLOYMENT_TARGET = 18.5;
				LOCALIZATION_PREFERS_STRING_CATALOGS = YES;
				MTL_ENABLE_DEBUG_INFO = INCLUDE_SOURCE;
				MTL_FAST_MATH = YES;
				ONLY_ACTIVE_ARCH = YES;
				SDKROOT = iphoneos;
				SWIFT_ACTIVE_COMPILATION_CONDITIONS = "DEBUG $(inherited)";
				SWIFT_OPTIMIZATION_LEVEL = "-Onone";
			};
			name = Debug;
		};
		229BA4DF2E61ECB4005BFC36 /* Release */ = {
			isa = XCBuildConfiguration;
			buildSettings = {
				ALWAYS_SEARCH_USER_PATHS = NO;
				ASSETCATALOG_COMPILER_GENERATE_SWIFT_ASSET_SYMBOL_EXTENSIONS = YES;
				CLANG_ANALYZER_NONNULL = YES;
				CLANG_ANALYZER_NUMBER_OBJECT_CONVERSION = YES_AGGRESSIVE;
				CLANG_CXX_LANGUAGE_STANDARD = "gnu++20";
				CLANG_ENABLE_MODULES = YES;
				CLANG_ENABLE_OBJC_ARC = YES;
				CLANG_ENABLE_OBJC_WEAK = YES;
				CLANG_WARN_BLOCK_CAPTURE_AUTORELEASING = YES;
				CLANG_WARN_BOOL_CONVERSION = YES;
				CLANG_WARN_COMMA = YES;
				CLANG_WARN_CONSTANT_CONVERSION = YES;
				CLANG_WARN_DEPRECATED_OBJC_IMPLEMENTATIONS = YES;
				CLANG_WARN_DIRECT_OBJC_ISA_USAGE = YES_ERROR;
				CLANG_WARN_DOCUMENTATION_COMMENTS = YES;
				CLANG_WARN_EMPTY_BODY = YES;
				CLANG_WARN_ENUM_CONVERSION = YES;
				CLANG_WARN_INFINITE_RECURSION = YES;
				CLANG_WARN_INT_CONVERSION = YES;
				CLANG_WARN_NON_LITERAL_NULL_CONVERSION = YES;
				CLANG_WARN_OBJC_IMPLICIT_RETAIN_SELF = YES;
				CLANG_WARN_OBJC_LITERAL_CONVERSION = YES;
				CLANG_WARN_OBJC_ROOT_CLASS = YES_ERROR;
				CLANG_WARN_QUOTED_INCLUDE_IN_FRAMEWORK_HEADER = YES;
				CLANG_WARN_RANGE_LOOP_ANALYSIS = YES;
				CLANG_WARN_STRICT_PROTOTYPES = YES;
				CLANG_WARN_SUSPICIOUS_MOVE = YES;
				CLANG_WARN_UNGUARDED_AVAILABILITY = YES_AGGRESSIVE;
				CLANG_WARN_UNREACHABLE_CODE = YES;
				CLANG_WARN__DUPLICATE_METHOD_MATCH = YES;
				COPY_PHASE_STRIP = NO;
				DEBUG_INFORMATION_FORMAT = "dwarf-with-dsym";
				ENABLE_NS_ASSERTIONS = NO;
				ENABLE_STRICT_OBJC_MSGSEND = YES;
				ENABLE_USER_SCRIPT_SANDBOXING = YES;
				GCC_C_LANGUAGE_STANDARD = gnu17;
				GCC_NO_COMMON_BLOCKS = YES;
				GCC_WARN_64_TO_32_BIT_CONVERSION = YES;
				GCC_WARN_ABOUT_RETURN_TYPE = YES_ERROR;
				GCC_WARN_UNDECLARED_SELECTOR = YES;
				GCC_WARN_UNINITIALIZED_AUTOS = YES_AGGRESSIVE;
				GCC_WARN_UNUSED_FUNCTION = YES;
				GCC_WARN_UNUSED_VARIABLE = YES;
				IPHONEOS_DEPLOYMENT_TARGET = 18.5;
				LOCALIZATION_PREFERS_STRING_CATALOGS = YES;
				MTL_ENABLE_DEBUG_INFO = NO;
				MTL_FAST_MATH = YES;
				SDKROOT = iphoneos;
				SWIFT_COMPILATION_MODE = wholemodule;
				VALIDATE_PRODUCT = YES;
			};
			name = Release;
		};
		229BA4E12E61ECB4005BFC36 /* Debug */ = {
			isa = XCBuildConfiguration;
			buildSettings = {
				ASSETCATALOG_COMPILER_APPICON_NAME = AppIcon;
				ASSETCATALOG_COMPILER_GLOBAL_ACCENT_COLOR_NAME = AccentColor;
				CODE_SIGN_STYLE = Automatic;
				CURRENT_PROJECT_VERSION = 1;
				DEVELOPMENT_TEAM = NY38R9SCWB;
				ENABLE_PREVIEWS = YES;
				GENERATE_INFOPLIST_FILE = YES;
				INFOPLIST_KEY_NSMotionUsageDescription = "This app uses motion sensors to predict your metabolic equivalent (MET) during physical activities.";
				INFOPLIST_KEY_UIApplicationSceneManifest_Generation = YES;
				INFOPLIST_KEY_UIApplicationSupportsIndirectInputEvents = YES;
				INFOPLIST_KEY_UILaunchScreen_Generation = YES;
				INFOPLIST_KEY_UIRequiredDeviceCapabilities = accelerometer;
				INFOPLIST_KEY_UISupportedInterfaceOrientations_iPad = "UIInterfaceOrientationPortrait UIInterfaceOrientationPortraitUpsideDown UIInterfaceOrientationLandscapeLeft UIInterfaceOrientationLandscapeRight";
				INFOPLIST_KEY_UISupportedInterfaceOrientations_iPhone = "UIInterfaceOrientationPortrait UIInterfaceOrientationLandscapeLeft UIInterfaceOrientationLandscapeRight";
				LD_RUNPATH_SEARCH_PATHS = (
					"$(inherited)",
					"@executable_path/Frameworks",
				);
				MARKETING_VERSION = 1.0;
				PRODUCT_BUNDLE_IDENTIFIER = ilyasseckin.METPredictor;
				PRODUCT_NAME = "$(TARGET_NAME)";
				SWIFT_EMIT_LOC_STRINGS = YES;
				SWIFT_VERSION = 5.0;
				TARGETED_DEVICE_FAMILY = "1,2";
			};
			name = Debug;
		};
		229BA4E22E61ECB4005BFC36 /* Release */ = {
			isa = XCBuildConfiguration;
			buildSettings = {
				ASSETCATALOG_COMPILER_APPICON_NAME = AppIcon;
				ASSETCATALOG_COMPILER_GLOBAL_ACCENT_COLOR_NAME = AccentColor;
				CODE_SIGN_STYLE = Automatic;
				CURRENT_PROJECT_VERSION = 1;
				DEVELOPMENT_TEAM = NY38R9SCWB;
				ENABLE_PREVIEWS = YES;
				GENERATE_INFOPLIST_FILE = YES;
				INFOPLIST_KEY_NSMotionUsageDescription = "This app uses motion sensors to predict your metabolic equivalent (MET) during physical activities.";
				INFOPLIST_KEY_UIApplicationSceneManifest_Generation = YES;
				INFOPLIST_KEY_UIApplicationSupportsIndirectInputEvents = YES;
				INFOPLIST_KEY_UILaunchScreen_Generation = YES;
				INFOPLIST_KEY_UIRequiredDeviceCapabilities = accelerometer;
				INFOPLIST_KEY_UISupportedInterfaceOrientations_iPad = "UIInterfaceOrientationPortrait UIInterfaceOrientationPortraitUpsideDown UIInterfaceOrientationLandscapeLeft UIInterfaceOrientationLandscapeRight";
				INFOPLIST_KEY_UISupportedInterfaceOrientations_iPhone = "UIInterfaceOrientationPortrait UIInterfaceOrientationLandscapeLeft UIInterfaceOrientationLandscapeRight";
				LD_RUNPATH_SEARCH_PATHS = (
					"$(inherited)",
					"@executable_path/Frameworks",
				);
				MARKETING_VERSION = 1.0;
				PRODUCT_BUNDLE_IDENTIFIER = ilyasseckin.METPredictor;
				PRODUCT_NAME = "$(TARGET_NAME)";
				SWIFT_EMIT_LOC_STRINGS = YES;
				SWIFT_VERSION = 5.0;
				TARGETED_DEVICE_FAMILY = "1,2";
			};
			name = Release;
		};
		229BA4E42E61ECB4005BFC36 /* Debug */ = {
			isa = XCBuildConfiguration;
			buildSettings = {
				BUNDLE_LOADER = "$(TEST_HOST)";
				CODE_SIGN_STYLE = Automatic;
				CURRENT_PROJECT_VERSION = 1;
				GENERATE_INFOPLIST_FILE = YES;
				INFOPLIST_KEY_NSMotionUsageDescription = "This app uses motion sensors to predict your metabolic equivalent (MET) during physical activities.";
				INFOPLIST_KEY_UIRequiredDeviceCapabilities = accelerometer;
				IPHONEOS_DEPLOYMENT_TARGET = 18.5;
				MARKETING_VERSION = 1.0;
				PRODUCT_BUNDLE_IDENTIFIER = ilyasseckin.METPredictorTests;
				PRODUCT_NAME = "$(TARGET_NAME)";
				SWIFT_EMIT_LOC_STRINGS = NO;
				SWIFT_VERSION = 5.0;
				TARGETED_DEVICE_FAMILY = "1,2";
				TEST_HOST = "$(BUILT_PRODUCTS_DIR)/METPredictor.app/$(BUNDLE_EXECUTABLE_FOLDER_PATH)/METPredictor";
			};
			name = Debug;
		};
		229BA4E52E61ECB4005BFC36 /* Release */ = {
			isa = XCBuildConfiguration;
			buildSettings = {
				BUNDLE_LOADER = "$(TEST_HOST)";
				CODE_SIGN_STYLE = Automatic;
				CURRENT_PROJECT_VERSION = 1;
				GENERATE_INFOPLIST_FILE = YES;
				INFOPLIST_KEY_NSMotionUsageDescription = "This app uses motion sensors to predict your metabolic equivalent (MET) during physical activities.";
				INFOPLIST_KEY_UIRequiredDeviceCapabilities = accelerometer;
				IPHONEOS_DEPLOYMENT_TARGET = 18.5;
				MARKETING_VERSION = 1.0;
				PRODUCT_BUNDLE_IDENTIFIER = ilyasseckin.METPredictorTests;
				PRODUCT_NAME = "$(TARGET_NAME)";
				SWIFT_EMIT_LOC_STRINGS = NO;
				SWIFT_VERSION = 5.0;
				TARGETED_DEVICE_FAMILY = "1,2";
				TEST_HOST = "$(BUILT_PRODUCTS_DIR)/METPredictor.app/$(BUNDLE_EXECUTABLE_FOLDER_PATH)/METPredictor";
			};
			name = Release;
		};
		229BA4E72E61ECB4005BFC36 /* Debug */ = {
			isa = XCBuildConfiguration;
			buildSettings = {
				CODE_SIGN_STYLE = Automatic;
				CURRENT_PROJECT_VERSION = 1;
				GENERATE_INFOPLIST_FILE = YES;
				INFOPLIST_KEY_NSMotionUsageDescription = "This app uses motion sensors to predict your metabolic equivalent (MET) during physical activities.";
				INFOPLIST_KEY_UIRequiredDeviceCapabilities = accelerometer;
				MARKETING_VERSION = 1.0;
				PRODUCT_BUNDLE_IDENTIFIER = ilyasseckin.METPredictorUITests;
				PRODUCT_NAME = "$(TARGET_NAME)";
				SWIFT_EMIT_LOC_STRINGS = NO;
				SWIFT_VERSION = 5.0;
				TARGETED_DEVICE_FAMILY = "1,2";
				TEST_TARGET_NAME = METPredictor;
			};
			name = Debug;
		};
		229BA4E82E61ECB4005BFC36 /* Release */ = {
			isa = XCBuildConfiguration;
			buildSettings = {
				CODE_SIGN_STYLE = Automatic;
				CURRENT_PROJECT_VERSION = 1;
				GENERATE_INFOPLIST_FILE = YES;
				INFOPLIST_KEY_NSMotionUsageDescription = "This app uses motion sensors to predict your metabolic equivalent (MET) during physical activities.";
				INFOPLIST_KEY_UIRequiredDeviceCapabilities = accelerometer;
				MARKETING_VERSION = 1.0;
				PRODUCT_BUNDLE_IDENTIFIER = ilyasseckin.METPredictorUITests;
				PRODUCT_NAME = "$(TARGET_NAME)";
				SWIFT_EMIT_LOC_STRINGS = NO;
				SWIFT_VERSION = 5.0;
				TARGETED_DEVICE_FAMILY = "1,2";
				TEST_TARGET_NAME = METPredictor;
			};
			name = Release;
		};
/* End XCBuildConfiguration section */

/* Begin XCConfigurationList section */
		229BA4BA2E61ECB2005BFC36 /* Build configuration list for PBXProject "METPredictor" */ = {
			isa = XCConfigurationList;
			buildConfigurations = (
				229BA4DE2E61ECB4005BFC36 /* Debug */,
				229BA4DF2E61ECB4005BFC36 /* Release */,
			);
			defaultConfigurationIsVisible = 0;
			defaultConfigurationName = Release;
		};
		229BA4E02E61ECB4005BFC36 /* Build configuration list for PBXNativeTarget "METPredictor" */ = {
			isa = XCConfigurationList;
			buildConfigurations = (
				229BA4E12E61ECB4005BFC36 /* Debug */,
				229BA4E22E61ECB4005BFC36 /* Release */,
			);
			defaultConfigurationIsVisible = 0;
			defaultConfigurationName = Release;
		};
		229BA4E32E61ECB4005BFC36 /* Build configuration list for PBXNativeTarget "METPredictorTests" */ = {
			isa = XCConfigurationList;
			buildConfigurations = (
				229BA4E42E61ECB4005BFC36 /* Debug */,
				229BA4E52E61ECB4005BFC36 /* Release */,
			);
			defaultConfigurationIsVisible = 0;
			defaultConfigurationName = Release;
		};
		229BA4E62E61ECB4005BFC36 /* Build configuration list for PBXNativeTarget "METPredictorUITests" */ = {
			isa = XCConfigurationList;
			buildConfigurations = (
				229BA4E72E61ECB4005BFC36 /* Debug */,
				229BA4E82E61ECB4005BFC36 /* Release */,
			);
			defaultConfigurationIsVisible = 0;
			defaultConfigurationName = Release;
		};
/* End XCConfigurationList section */
	};
	rootObject = 229BA4B72E61ECB2005BFC36 /* Project object */;
}
